fileVersion: 1
id: 55157696-be54-47ea-abc5-b45b4d494d56
name: LOAD_MOSAIC_RES_ECONOMIC_CASE_LOCK
operation:
  config:
    archive_enabled: true
    archive_path: archive
    extlocation: false
    fieldDelim: ~|~
    fieldEnclosed: '"'
    fileFormatType: File Format Values
    filePattern: ''
    fileType: CSV
    inferschema: false
    insertStrategy: INSERT
    intextstage: true
    postSQL: ''
    preSQL: ''
    recDelim: ''
    replaceinvalidcharacters: false
    skipBlankLines: false
    skipHeader: '1'
    stageName: s3_LOAD_MOSAIC_RES_ECONOMIC_CASE_LOCK
    stageStorageLocationName: DV2_STG
    stripouterarray: false
    subfolder: ''
    testsEnabled: true
    trimSpace: false
    truncateBefore: true
    usevectscan: false
  database: ""
  deployEnabled: true
  description: ""
  isMultisource: false
  locationName: TARGET
  materializationType: table
  metadata:
    appliedNodeTests: []
    columns:
      - appliedColumnTests: {}
        columnReference:
          columnCounter: 972724cb-8a97-44fe-8c41-19c13b449b50
          stepCounter: 55157696-be54-47ea-abc5-b45b4d494d56
        config: {}
        dataType: NUMBER(9)
        defaultValue: ""
        description: ""
        name: COMPANY_ID
        nullable: true
        sourceColumnReferences: []
      - appliedColumnTests: {}
        columnReference:
          columnCounter: 42a6eadc-4e77-4717-8b01-6e799c51fea7
          stepCounter: 55157696-be54-47ea-abc5-b45b4d494d56
        config: {}
        dataType: NUMBER(9)
        defaultValue: ""
        description: ""
        name: ECONOMIC_CASE_ID
        nullable: true
        sourceColumnReferences: []
      - appliedColumnTests: {}
        columnReference:
          columnCounter: b0f918ea-73e4-4256-bf9f-a9caefb2326f
          stepCounter: 55157696-be54-47ea-abc5-b45b4d494d56
        config: {}
        dataType: NUMBER(9)
        defaultValue: ""
        description: ""
        name: ECONOMIC_CASE_LOCK_ID
        nullable: true
        sourceColumnReferences: []
      - appliedColumnTests: {}
        columnReference:
          columnCounter: 2debc4ec-7f03-47c9-8be5-7915bbbc3941
          stepCounter: 55157696-be54-47ea-abc5-b45b4d494d56
        config: {}
        dataType: TIMESTAMP
        defaultValue: ""
        description: ""
        name: LAST_MODIFIED_DATE
        nullable: true
        sourceColumnReferences: []
      - appliedColumnTests: {}
        columnReference:
          columnCounter: f492c87d-bd25-4ff9-99ea-751b4299d53d
          stepCounter: 55157696-be54-47ea-abc5-b45b4d494d56
        config: {}
        dataType: VARCHAR(100)
        defaultValue: ""
        description: ""
        name: LAST_MODIFIED_BY_USER
        nullable: true
        sourceColumnReferences: []
      - appliedColumnTests: {}
        columnReference:
          columnCounter: 409820fe-4c7a-4ff2-9a1e-ab8891af220f
          stepCounter: 55157696-be54-47ea-abc5-b45b4d494d56
        config: {}
        dataType: VARCHAR(64)
        defaultValue: ""
        description: Record source.
        name: DSS_RECORD_SOURCE
        nullable: true
        sourceColumnReferences: []
      - appliedColumnTests: {}
        columnReference:
          columnCounter: ae0a8fb4-4d9a-47b3-87ff-5e394393f185
          stepCounter: 55157696-be54-47ea-abc5-b45b4d494d56
        config: {}
        dataType: TIMESTAMP
        defaultValue: ""
        description: Load date.
        name: DSS_LOAD_DATE
        nullable: true
        sourceColumnReferences: []
    enabledColumnTestIDs: []
    sourceMapping: []
  name: LOAD_MOSAIC_RES_ECONOMIC_CASE_LOCK
  overrideSQL: false
  schema: ""
  sqlType: External:::324
  type: sql
  version: 1
type: Node
