fileVersion: 1
id: 706e0999-dbe8-485c-b4c7-6f15e9ca1218
name: ODS_MOSAIC_RES_ECONOMIC_CASE_LOCK
operation:
  config:
    insertStrategy: INSERT
    postSQL: ""
    preSQL: ""
    testsEnabled: true
  database: ""
  deployEnabled: true
  description: ""
  isMultisource: false
  locationName: TARGET
  materializationType: table
  metadata:
    appliedNodeTests: []
    columns:
      - appliedColumnTests: {}
        columnReference:
          columnCounter: 3b100418-5ac2-4c8c-9492-2c628c8afc2a
          stepCounter: 706e0999-dbe8-485c-b4c7-6f15e9ca1218
        config: {}
        dataType: NUMBER(9)
        defaultValue: ""
        description: ""
        isChangeTracking: true
        name: COMPANY_ID
        nullable: true
        sourceColumnReferences:
          - columnReferences:
              - columnCounter: 7148282d-0eec-441b-93e9-dc07a042b79b
                stepCounter: 49f100d4-b8f3-45bf-9399-da9d4a6f899b
            transform: ""
      - appliedColumnTests: {}
        columnReference:
          columnCounter: a1c669e0-decf-4b68-a992-01cf1cc32866
          stepCounter: 706e0999-dbe8-485c-b4c7-6f15e9ca1218
        config: {}
        dataType: NUMBER(9)
        defaultValue: ""
        description: ""
        isChangeTracking: true
        name: ECONOMIC_CASE_ID
        nullable: true
        sourceColumnReferences:
          - columnReferences:
              - columnCounter: d69f70f9-0046-4d64-a16f-20e29c35d3f9
                stepCounter: 49f100d4-b8f3-45bf-9399-da9d4a6f899b
            transform: ""
      - appliedColumnTests: {}
        columnReference:
          columnCounter: 383bb183-da50-48e2-9611-cfc364dff67f
          stepCounter: 706e0999-dbe8-485c-b4c7-6f15e9ca1218
        config: {}
        dataType: NUMBER(9)
        defaultValue: ""
        description: ""
        isBusinessKey: true
        name: ECONOMIC_CASE_LOCK_ID
        nullable: true
        sourceColumnReferences:
          - columnReferences:
              - columnCounter: c3e14301-54c7-4067-9859-9f3dd25a545d
                stepCounter: 49f100d4-b8f3-45bf-9399-da9d4a6f899b
            transform: ""
      - appliedColumnTests: {}
        columnReference:
          columnCounter: 353caaf8-b9ba-4fd5-ae52-156168093790
          stepCounter: 706e0999-dbe8-485c-b4c7-6f15e9ca1218
        config: {}
        dataType: TIMESTAMP
        defaultValue: ""
        description: ""
        isChangeTracking: true
        name: LAST_MODIFIED_DATE
        nullable: true
        sourceColumnReferences:
          - columnReferences:
              - columnCounter: 5c689c8a-ca37-4df5-b069-24bac605fc51
                stepCounter: 49f100d4-b8f3-45bf-9399-da9d4a6f899b
            transform: ""
      - appliedColumnTests: {}
        columnReference:
          columnCounter: bf5d4e28-83a2-4442-8120-bbd1e9119212
          stepCounter: 706e0999-dbe8-485c-b4c7-6f15e9ca1218
        config: {}
        dataType: VARCHAR(100)
        defaultValue: ""
        description: ""
        isChangeTracking: true
        name: LAST_MODIFIED_BY_USER
        nullable: true
        sourceColumnReferences:
          - columnReferences:
              - columnCounter: 5ac7197b-3cfa-4ce1-a7cf-66fdcebdcefc
                stepCounter: 49f100d4-b8f3-45bf-9399-da9d4a6f899b
            transform: ""
      - appliedColumnTests: {}
        columnReference:
          columnCounter: d138f7eb-e9f5-411e-9951-22bd355c2563
          stepCounter: 706e0999-dbe8-485c-b4c7-6f15e9ca1218
        config: {}
        dataType: VARCHAR(64)
        defaultValue: ""
        description: Record source.
        name: DSS_RECORD_SOURCE
        nullable: true
        sourceColumnReferences:
          - columnReferences:
              - columnCounter: dc8434da-7fff-485b-bbb2-537e12848997
                stepCounter: 49f100d4-b8f3-45bf-9399-da9d4a6f899b
            transform: ""
      - appliedColumnTests: {}
        columnReference:
          columnCounter: 1c00afcf-5608-470c-b99a-82ad12708af7
          stepCounter: 706e0999-dbe8-485c-b4c7-6f15e9ca1218
        config: {}
        dataType: TIMESTAMP
        defaultValue: ""
        description: Load date.
        name: DSS_LOAD_DATE
        nullable: true
        sourceColumnReferences:
          - columnReferences:
              - columnCounter: ed274cd1-b083-433b-a714-15bdf6279082
                stepCounter: 49f100d4-b8f3-45bf-9399-da9d4a6f899b
            transform: ""
      - appliedColumnTests: {}
        columnReference:
          columnCounter: f0f1cb23-6ba3-4cf5-9a50-0d34061d0c52
          stepCounter: 706e0999-dbe8-485c-b4c7-6f15e9ca1218
        config: {}
        dataType: CHAR(1)
        defaultValue: ""
        description: Flag field to identify Deleted record
        name: DSS_DELETE_FLAG
        nullable: true
        sourceColumnReferences:
          - columnReferences: []
            transform: ""
      - appliedColumnTests: {}
        columnReference:
          columnCounter: 60d6aa4e-ac32-4b43-b9e5-d8e04058d8b9
          stepCounter: 706e0999-dbe8-485c-b4c7-6f15e9ca1218
        config: {}
        dataType: TIMESTAMP
        defaultValue: ""
        description: Records time when record was set to Delete by the Load process
        name: DSS_DELETE_TIME
        nullable: true
        sourceColumnReferences:
          - columnReferences: []
            transform: ""
      - appliedColumnTests: {}
        columnReference:
          columnCounter: c49bf054-c152-4e91-a492-34fa1b05ada6
          stepCounter: 706e0999-dbe8-485c-b4c7-6f15e9ca1218
        config: {}
        dataType: TIMESTAMP
        defaultValue: ""
        description: Datetime a business key was started.
        isSystemStartDate: true
        name: DSS_START_DATE
        nullable: true
        sourceColumnReferences:
          - columnReferences: []
            transform: ""
      - appliedColumnTests: {}
        columnReference:
          columnCounter: 6b0cc3ba-e0b1-48fe-832b-8122f521d9fa
          stepCounter: 706e0999-dbe8-485c-b4c7-6f15e9ca1218
        config: {}
        dataType: TIMESTAMP
        defaultValue: ""
        description: Datetime a business key was retired.
        isSystemEndDate: true
        name: DSS_END_DATE
        nullable: true
        sourceColumnReferences:
          - columnReferences: []
            transform: ""
      - appliedColumnTests: {}
        columnReference:
          columnCounter: 8b5bd5cc-bdab-4d4d-add2-a7c737e59066
          stepCounter: 706e0999-dbe8-485c-b4c7-6f15e9ca1218
        config: {}
        dataType: CHAR(1)
        defaultValue: ""
        description: Flag to indicate the current (latest) version of a business key.
        isSystemCurrentFlag: true
        name: DSS_CURRENT_FLAG
        nullable: true
        sourceColumnReferences:
          - columnReferences: []
            transform: ""
      - appliedColumnTests: {}
        columnReference:
          columnCounter: c2c3f163-2cb9-4c45-8ca4-77dcb1483e64
          stepCounter: 706e0999-dbe8-485c-b4c7-6f15e9ca1218
        config: {}
        dataType: INTEGER
        defaultValue: ""
        description: Version number of a business key.
        isSystemVersion: true
        name: DSS_VERSION
        nullable: true
        sourceColumnReferences:
          - columnReferences: []
            transform: ""
      - appliedColumnTests: {}
        columnReference:
          columnCounter: 92770ed4-01eb-43ce-8f0f-ea186acea396
          stepCounter: 706e0999-dbe8-485c-b4c7-6f15e9ca1218
        config: {}
        dataType: TIMESTAMP
        defaultValue: ""
        description: Date and time the row was created in the data warehouse.
        isSystemCreateDate: true
        name: DSS_CREATE_TIME
        nullable: true
        sourceColumnReferences:
          - columnReferences: []
            transform: ""
      - appliedColumnTests: {}
        columnReference:
          columnCounter: 70d5f1bb-e9f3-45b1-96bf-d0c471b2de5d
          stepCounter: 706e0999-dbe8-485c-b4c7-6f15e9ca1218
        config: {}
        dataType: TIMESTAMP
        defaultValue: ""
        description: Date and time the row was updated in the data warehouse.
        isSystemUpdateDate: true
        name: DSS_UPDATE_TIME
        nullable: true
        sourceColumnReferences:
          - columnReferences: []
            transform: ""
    enabledColumnTestIDs: []
    sourceMapping:
      - aliases:
          LOAD_MOSAIC_RES_ECONOMIC_CASE_LOCK: 49f100d4-b8f3-45bf-9399-da9d4a6f899b
        customSQL:
          customSQL: ""
        dependencies:
          - locationName: TARGET
            nodeName: LOAD_MOSAIC_RES_ECONOMIC_CASE_LOCK
        join:
          joinCondition: FROM {{ ref('TARGET','LOAD_MOSAIC_RES_ECONOMIC_CASE_LOCK') }}
        name: ODS_MOSAIC_RES_ECONOMIC_CASE_LOCK
        noLinkRefs: []
  name: ODS_MOSAIC_RES_ECONOMIC_CASE_LOCK
  overrideSQL: false
  schema: ""
  sqlType: '38'
  type: sql
  version: 1
type: Node
