fileVersion: 1
id: 78af2ea6-6393-41e6-b6b3-73b29a589ae3
name: ODS_MOSAIC_RES_ECONOMIC_CASE_LOCK
operation:
  config:
    insertStrategy: INSERT
    postSQL: ""
    preSQL: ""
    testsEnabled: true
  database: ""
  deployEnabled: true
  description: ""
  isMultisource: false
  locationName: TARGET
  materializationType: table
  metadata:
    appliedNodeTests: []
    columns:
      - appliedColumnTests: {}
        columnReference:
          columnCounter: cd1852c3-3917-4e6a-8d45-6a85dfe03c1d
          stepCounter: 78af2ea6-6393-41e6-b6b3-73b29a589ae3
        config: {}
        dataType: NUMBER(9)
        defaultValue: ""
        description: ""
        isChangeTracking: true
        name: COMPANY_ID
        nullable: true
        sourceColumnReferences:
          - columnReferences:
              - columnCounter: 972724cb-8a97-44fe-8c41-19c13b449b50
                stepCounter: 55157696-be54-47ea-abc5-b45b4d494d56
            transform: ""
      - appliedColumnTests: {}
        columnReference:
          columnCounter: 1ec00c7f-06d5-438b-ad1d-c007e6674f18
          stepCounter: 78af2ea6-6393-41e6-b6b3-73b29a589ae3
        config: {}
        dataType: NUMBER(9)
        defaultValue: ""
        description: ""
        isChangeTracking: true
        name: ECONOMIC_CASE_ID
        nullable: true
        sourceColumnReferences:
          - columnReferences:
              - columnCounter: 42a6eadc-4e77-4717-8b01-6e799c51fea7
                stepCounter: 55157696-be54-47ea-abc5-b45b4d494d56
            transform: ""
      - appliedColumnTests: {}
        columnReference:
          columnCounter: 78b81a47-ce8a-4e64-b221-ae4081821bec
          stepCounter: 78af2ea6-6393-41e6-b6b3-73b29a589ae3
        config: {}
        dataType: NUMBER(9)
        defaultValue: ""
        description: ""
        isBusinessKey: true
        name: ECONOMIC_CASE_LOCK_ID
        nullable: true
        sourceColumnReferences:
          - columnReferences:
              - columnCounter: b0f918ea-73e4-4256-bf9f-a9caefb2326f
                stepCounter: 55157696-be54-47ea-abc5-b45b4d494d56
            transform: ""
      - appliedColumnTests: {}
        columnReference:
          columnCounter: 4f4cabd9-da07-47c7-a44e-8a76598d9a10
          stepCounter: 78af2ea6-6393-41e6-b6b3-73b29a589ae3
        config: {}
        dataType: TIMESTAMP
        defaultValue: ""
        description: ""
        isChangeTracking: true
        name: LAST_MODIFIED_DATE
        nullable: true
        sourceColumnReferences:
          - columnReferences:
              - columnCounter: 2debc4ec-7f03-47c9-8be5-7915bbbc3941
                stepCounter: 55157696-be54-47ea-abc5-b45b4d494d56
            transform: ""
      - appliedColumnTests: {}
        columnReference:
          columnCounter: 380175f5-3eba-49e4-8d73-e0e4df56fcfa
          stepCounter: 78af2ea6-6393-41e6-b6b3-73b29a589ae3
        config: {}
        dataType: VARCHAR(100)
        defaultValue: ""
        description: ""
        isChangeTracking: true
        name: LAST_MODIFIED_BY_USER
        nullable: true
        sourceColumnReferences:
          - columnReferences:
              - columnCounter: f492c87d-bd25-4ff9-99ea-751b4299d53d
                stepCounter: 55157696-be54-47ea-abc5-b45b4d494d56
            transform: ""
      - appliedColumnTests: {}
        columnReference:
          columnCounter: 5bded6d9-7768-49bd-8c66-91bd45ba6c46
          stepCounter: 78af2ea6-6393-41e6-b6b3-73b29a589ae3
        config: {}
        dataType: VARCHAR(64)
        defaultValue: ""
        description: Record source.
        name: DSS_RECORD_SOURCE
        nullable: true
        sourceColumnReferences:
          - columnReferences:
              - columnCounter: 409820fe-4c7a-4ff2-9a1e-ab8891af220f
                stepCounter: 55157696-be54-47ea-abc5-b45b4d494d56
            transform: ""
      - appliedColumnTests: {}
        columnReference:
          columnCounter: f83c2c63-18e8-483d-8c14-23151ab146ef
          stepCounter: 78af2ea6-6393-41e6-b6b3-73b29a589ae3
        config: {}
        dataType: TIMESTAMP
        defaultValue: ""
        description: Load date.
        name: DSS_LOAD_DATE
        nullable: true
        sourceColumnReferences:
          - columnReferences:
              - columnCounter: ae0a8fb4-4d9a-47b3-87ff-5e394393f185
                stepCounter: 55157696-be54-47ea-abc5-b45b4d494d56
            transform: ""
      - appliedColumnTests: {}
        columnReference:
          columnCounter: 6a059aa1-10be-47fe-9ec8-085fc0767f7b
          stepCounter: 78af2ea6-6393-41e6-b6b3-73b29a589ae3
        config: {}
        dataType: CHAR(1)
        defaultValue: ""
        description: Flag field to identify Deleted record
        name: DSS_DELETE_FLAG
        nullable: true
        sourceColumnReferences:
          - columnReferences: []
            transform: ""
      - appliedColumnTests: {}
        columnReference:
          columnCounter: b3da8049-8838-42a3-b3dd-6d6ef3c862d5
          stepCounter: 78af2ea6-6393-41e6-b6b3-73b29a589ae3
        config: {}
        dataType: TIMESTAMP
        defaultValue: ""
        description: Records time when record was set to Delete by the Load process
        name: DSS_DELETE_TIME
        nullable: true
        sourceColumnReferences:
          - columnReferences: []
            transform: ""
      - appliedColumnTests: {}
        columnReference:
          columnCounter: 2bc327bc-c4da-4d4a-b4af-4929cea57892
          stepCounter: 78af2ea6-6393-41e6-b6b3-73b29a589ae3
        config: {}
        dataType: TIMESTAMP
        defaultValue: ""
        description: Datetime a business key was started.
        isSystemStartDate: true
        name: DSS_START_DATE
        nullable: true
        sourceColumnReferences:
          - columnReferences: []
            transform: ""
      - appliedColumnTests: {}
        columnReference:
          columnCounter: 97d50b57-e83d-4e24-966a-c26f776fbc28
          stepCounter: 78af2ea6-6393-41e6-b6b3-73b29a589ae3
        config: {}
        dataType: TIMESTAMP
        defaultValue: ""
        description: Datetime a business key was retired.
        isSystemEndDate: true
        name: DSS_END_DATE
        nullable: true
        sourceColumnReferences:
          - columnReferences: []
            transform: ""
      - appliedColumnTests: {}
        columnReference:
          columnCounter: 348726f2-a6d1-4342-9993-8fc690b45a0b
          stepCounter: 78af2ea6-6393-41e6-b6b3-73b29a589ae3
        config: {}
        dataType: CHAR(1)
        defaultValue: ""
        description: Flag to indicate the current (latest) version of a business key.
        isSystemCurrentFlag: true
        name: DSS_CURRENT_FLAG
        nullable: true
        sourceColumnReferences:
          - columnReferences: []
            transform: ""
      - appliedColumnTests: {}
        columnReference:
          columnCounter: 5b4ed4b0-af6c-4f49-bda2-19c33c8a96dd
          stepCounter: 78af2ea6-6393-41e6-b6b3-73b29a589ae3
        config: {}
        dataType: INTEGER
        defaultValue: ""
        description: Version number of a business key.
        isSystemVersion: true
        name: DSS_VERSION
        nullable: true
        sourceColumnReferences:
          - columnReferences: []
            transform: ""
      - appliedColumnTests: {}
        columnReference:
          columnCounter: 7fe4172b-da68-46d9-8b32-6a03b98a0a8d
          stepCounter: 78af2ea6-6393-41e6-b6b3-73b29a589ae3
        config: {}
        dataType: TIMESTAMP
        defaultValue: ""
        description: Date and time the row was created in the data warehouse.
        isSystemCreateDate: true
        name: DSS_CREATE_TIME
        nullable: true
        sourceColumnReferences:
          - columnReferences: []
            transform: ""
      - appliedColumnTests: {}
        columnReference:
          columnCounter: fc3a2830-8085-488b-9878-bafbac7aed61
          stepCounter: 78af2ea6-6393-41e6-b6b3-73b29a589ae3
        config: {}
        dataType: TIMESTAMP
        defaultValue: ""
        description: Date and time the row was updated in the data warehouse.
        isSystemUpdateDate: true
        name: DSS_UPDATE_TIME
        nullable: true
        sourceColumnReferences:
          - columnReferences: []
            transform: ""
    enabledColumnTestIDs: []
    sourceMapping:
      - aliases:
          LOAD_MOSAIC_RES_ECONOMIC_CASE_LOCK: 55157696-be54-47ea-abc5-b45b4d494d56
        customSQL:
          customSQL: ""
        dependencies:
          - locationName: TARGET
            nodeName: LOAD_MOSAIC_RES_ECONOMIC_CASE_LOCK
        join:
          joinCondition: FROM {{ ref('TARGET','LOAD_MOSAIC_RES_ECONOMIC_CASE_LOCK') }}
        name: ODS_MOSAIC_RES_ECONOMIC_CASE_LOCK
        noLinkRefs: []
  name: ODS_MOSAIC_RES_ECONOMIC_CASE_LOCK
  overrideSQL: false
  schema: ""
  sqlType: '38'
  type: sql
  version: 1
type: Node
