fileVersion: 1
id: 6c7ceedb-029d-4172-bda4-32a044e6c105
name: LOAD_MOSAIC_CDM_ECONOMIC_CASE_LOCK
operation:
  database: ""
  deployEnabled: true
  description: ""
  locationName: TARGET
  metadata:
    columns:
      - appliedColumnTests: {}
        columnReference:
          columnCounter: 70e12397-cf1c-4549-a19e-2c4138c4120b
          stepCounter: 6c7ceedb-029d-4172-bda4-32a044e6c105
        config: {}
        dataType: NUMBER(9)
        defaultValue: ""
        description: ""
        name: COMPANY_ID
        nullable: true
      - appliedColumnTests: {}
        columnReference:
          columnCounter: 94917b11-d536-482b-8c6b-921ad7862894
          stepCounter: 6c7ceedb-029d-4172-bda4-32a044e6c105
        config: {}
        dataType: NUMBER(9)
        defaultValue: ""
        description: ""
        name: ECONOMIC_CASE_ID
        nullable: true
      - appliedColumnTests: {}
        columnReference:
          columnCounter: c183bf98-5a65-4925-ae2b-2f7dcbe6fd62
          stepCounter: 6c7ceedb-029d-4172-bda4-32a044e6c105
        config: {}
        dataType: NUMBER(9)
        defaultValue: ""
        description: ""
        name: ECONOMIC_CASE_LOCK_ID
        nullable: true
      - appliedColumnTests: {}
        columnReference:
          columnCounter: ec03b592-9c7a-482a-be85-4c096e2d303c
          stepCounter: 6c7ceedb-029d-4172-bda4-32a044e6c105
        config: {}
        dataType: TIMESTAMP
        defaultValue: ""
        description: ""
        name: LAST_MODIFIED_DATE
        nullable: true
      - appliedColumnTests: {}
        columnReference:
          columnCounter: 77972b2d-5ea7-4c05-ad7c-e296a1f24d84
          stepCounter: 6c7ceedb-029d-4172-bda4-32a044e6c105
        config: {}
        dataType: VARCHAR(100)
        defaultValue: ""
        description: ""
        name: LAST_MODIFIED_BY_USER
        nullable: true
      - appliedColumnTests: {}
        columnReference:
          columnCounter: 0a7cc84f-7934-4aa4-bb86-82403b1093d4
          stepCounter: 6c7ceedb-029d-4172-bda4-32a044e6c105
        config: {}
        dataType: VARCHAR(64)
        defaultValue: ""
        description: Record source.
        name: DSS_RECORD_SOURCE
        nullable: true
      - appliedColumnTests: {}
        columnReference:
          columnCounter: 55caab20-e916-49a9-b080-9c1497170ba0
          stepCounter: 6c7ceedb-029d-4172-bda4-32a044e6c105
        config: {}
        dataType: TIMESTAMP
        defaultValue: ""
        description: Load date.
        name: DSS_LOAD_DATE
        nullable: true
  name: LOAD_MOSAIC_CDM_ECONOMIC_CASE_LOCK
  schema: ""
  sqlType: Source
  type: sourceInput
  version: 1
type: Node
