fileVersion: 1
id: dc935e89-9f7f-430d-b773-ec540fa704e6
name: ODS_MOSAIC_CDM_ECONOMIC_CASE_LOCK
operation:
  config:
    insertStrategy: INSERT
    postSQL: ""
    preSQL: ""
    testsEnabled: true
  database: ""
  deployEnabled: true
  description: ""
  isMultisource: false
  locationName: TARGET
  materializationType: table
  metadata:
    appliedNodeTests: []
    columns:
      - appliedColumnTests: {}
        columnReference:
          columnCounter: 2e8956d0-0a53-495e-b683-e90c44c23489
          stepCounter: dc935e89-9f7f-430d-b773-ec540fa704e6
        config: {}
        dataType: NUMBER(9)
        defaultValue: ""
        description: ""
        isChangeTracking: true
        name: COMPANY_ID
        nullable: true
        sourceColumnReferences:
          - columnReferences:
              - columnCounter: a981ce5e-639f-4713-8d2b-f53fa62376b8
                stepCounter: 5fb84c10-fe34-46a8-a457-80f7c2918d9f
            transform: ""
      - appliedColumnTests: {}
        columnReference:
          columnCounter: 4bda874d-42de-41ec-a000-bcaeb7aa1142
          stepCounter: dc935e89-9f7f-430d-b773-ec540fa704e6
        config: {}
        dataType: NUMBER(9)
        defaultValue: ""
        description: ""
        isChangeTracking: true
        name: ECONOMIC_CASE_ID
        nullable: true
        sourceColumnReferences:
          - columnReferences:
              - columnCounter: 9e177c5b-1c74-4d17-877c-0dd822e9b69d
                stepCounter: 5fb84c10-fe34-46a8-a457-80f7c2918d9f
            transform: ""
      - appliedColumnTests: {}
        columnReference:
          columnCounter: 91bcd131-b266-4eca-a238-f0e20d88860a
          stepCounter: dc935e89-9f7f-430d-b773-ec540fa704e6
        config: {}
        dataType: NUMBER(9)
        defaultValue: ""
        description: ""
        isBusinessKey: true
        name: ECONOMIC_CASE_LOCK_ID
        nullable: true
        sourceColumnReferences:
          - columnReferences:
              - columnCounter: ff37bdaa-5668-4140-80f3-6abef62365d9
                stepCounter: 5fb84c10-fe34-46a8-a457-80f7c2918d9f
            transform: ""
      - appliedColumnTests: {}
        columnReference:
          columnCounter: 985f191b-f89f-44de-8e0b-e251d662b558
          stepCounter: dc935e89-9f7f-430d-b773-ec540fa704e6
        config: {}
        dataType: TIMESTAMP
        defaultValue: ""
        description: ""
        isChangeTracking: true
        name: LAST_MODIFIED_DATE
        nullable: true
        sourceColumnReferences:
          - columnReferences:
              - columnCounter: 2d62c936-e566-49b5-8d2a-b46177fd1938
                stepCounter: 5fb84c10-fe34-46a8-a457-80f7c2918d9f
            transform: ""
      - appliedColumnTests: {}
        columnReference:
          columnCounter: 1cad3969-7fca-45ea-99fc-fafb4a3398ab
          stepCounter: dc935e89-9f7f-430d-b773-ec540fa704e6
        config: {}
        dataType: VARCHAR(100)
        defaultValue: ""
        description: ""
        isChangeTracking: true
        name: LAST_MODIFIED_BY_USER
        nullable: true
        sourceColumnReferences:
          - columnReferences:
              - columnCounter: 57a18b06-c221-4921-9bf6-d158dd76f5bd
                stepCounter: 5fb84c10-fe34-46a8-a457-80f7c2918d9f
            transform: ""
      - appliedColumnTests: {}
        columnReference:
          columnCounter: 2860a9de-e3a1-47eb-92ff-9b4746fc2dc5
          stepCounter: dc935e89-9f7f-430d-b773-ec540fa704e6
        config: {}
        dataType: VARCHAR(64)
        defaultValue: ""
        description: Record source.
        name: DSS_RECORD_SOURCE
        nullable: true
        sourceColumnReferences:
          - columnReferences:
              - columnCounter: db8528da-2fc3-4c12-a881-c68c18daa421
                stepCounter: 5fb84c10-fe34-46a8-a457-80f7c2918d9f
            transform: ""
      - appliedColumnTests: {}
        columnReference:
          columnCounter: 34377436-3822-45ec-ae1e-5cccf4e435b0
          stepCounter: dc935e89-9f7f-430d-b773-ec540fa704e6
        config: {}
        dataType: TIMESTAMP
        defaultValue: ""
        description: Load date.
        name: DSS_LOAD_DATE
        nullable: true
        sourceColumnReferences:
          - columnReferences:
              - columnCounter: 808300c2-ff27-42bb-9ccd-35134b45b31c
                stepCounter: 5fb84c10-fe34-46a8-a457-80f7c2918d9f
            transform: ""
      - appliedColumnTests: {}
        columnReference:
          columnCounter: 3b9c2bec-5350-4469-8ed9-eade0ad40c7e
          stepCounter: dc935e89-9f7f-430d-b773-ec540fa704e6
        config: {}
        dataType: CHAR(1)
        defaultValue: ""
        description: Flag field to identify Deleted record
        name: DSS_DELETE_FLAG
        nullable: true
        sourceColumnReferences:
          - columnReferences: []
            transform: ""
      - appliedColumnTests: {}
        columnReference:
          columnCounter: 4c0de34a-57b4-4ac8-b5d9-136d5307af02
          stepCounter: dc935e89-9f7f-430d-b773-ec540fa704e6
        config: {}
        dataType: TIMESTAMP
        defaultValue: ""
        description: Records time when record was set to Delete by the Load process
        name: DSS_DELETE_TIME
        nullable: true
        sourceColumnReferences:
          - columnReferences: []
            transform: ""
      - appliedColumnTests: {}
        columnReference:
          columnCounter: 038e00b8-f31a-4c1b-9006-02ce0335ba19
          stepCounter: dc935e89-9f7f-430d-b773-ec540fa704e6
        config: {}
        dataType: TIMESTAMP
        defaultValue: ""
        description: Datetime a business key was started.
        isSystemStartDate: true
        name: DSS_START_DATE
        nullable: true
        sourceColumnReferences:
          - columnReferences: []
            transform: ""
      - appliedColumnTests: {}
        columnReference:
          columnCounter: 3c27ff96-fd9a-4364-ab82-8caadd98761f
          stepCounter: dc935e89-9f7f-430d-b773-ec540fa704e6
        config: {}
        dataType: TIMESTAMP
        defaultValue: ""
        description: Datetime a business key was retired.
        isSystemEndDate: true
        name: DSS_END_DATE
        nullable: true
        sourceColumnReferences:
          - columnReferences: []
            transform: ""
      - appliedColumnTests: {}
        columnReference:
          columnCounter: 9ce696e7-0feb-4abe-9251-d985b23f8dff
          stepCounter: dc935e89-9f7f-430d-b773-ec540fa704e6
        config: {}
        dataType: CHAR(1)
        defaultValue: ""
        description: Flag to indicate the current (latest) version of a business key.
        isSystemCurrentFlag: true
        name: DSS_CURRENT_FLAG
        nullable: true
        sourceColumnReferences:
          - columnReferences: []
            transform: ""
      - appliedColumnTests: {}
        columnReference:
          columnCounter: 1699f9d0-2a5f-46ab-bc29-efcac2e80c2b
          stepCounter: dc935e89-9f7f-430d-b773-ec540fa704e6
        config: {}
        dataType: INTEGER
        defaultValue: ""
        description: Version number of a business key.
        isSystemVersion: true
        name: DSS_VERSION
        nullable: true
        sourceColumnReferences:
          - columnReferences: []
            transform: ""
      - appliedColumnTests: {}
        columnReference:
          columnCounter: e64dea27-5eaa-46c6-baba-40d197a990c1
          stepCounter: dc935e89-9f7f-430d-b773-ec540fa704e6
        config: {}
        dataType: TIMESTAMP
        defaultValue: ""
        description: Date and time the row was created in the data warehouse.
        isSystemCreateDate: true
        name: DSS_CREATE_TIME
        nullable: true
        sourceColumnReferences:
          - columnReferences: []
            transform: ""
      - appliedColumnTests: {}
        columnReference:
          columnCounter: 3319eab9-b25d-4dd6-9aa8-f35763f90729
          stepCounter: dc935e89-9f7f-430d-b773-ec540fa704e6
        config: {}
        dataType: TIMESTAMP
        defaultValue: ""
        description: Date and time the row was updated in the data warehouse.
        isSystemUpdateDate: true
        name: DSS_UPDATE_TIME
        nullable: true
        sourceColumnReferences:
          - columnReferences: []
            transform: ""
    enabledColumnTestIDs: []
    sourceMapping:
      - aliases:
          LOAD_MOSAIC_CDM_ECONOMIC_CASE_LOCK: 5fb84c10-fe34-46a8-a457-80f7c2918d9f
        customSQL:
          customSQL: ""
        dependencies:
          - locationName: TARGET
            nodeName: LOAD_MOSAIC_CDM_ECONOMIC_CASE_LOCK
        join:
          joinCondition: FROM {{ ref('TARGET','LOAD_MOSAIC_CDM_ECONOMIC_CASE_LOCK') }}
        name: ODS_MOSAIC_CDM_ECONOMIC_CASE_LOCK
        noLinkRefs: []
  name: ODS_MOSAIC_CDM_ECONOMIC_CASE_LOCK
  overrideSQL: false
  schema: ""
  sqlType: '38'
  type: sql
  version: 1
type: Node
